
Microsoft Visual Studio Solution File, Format Version 12.00
# Visual Studio 15
Project("{FAE04EC0-301F-11D3-BF4B-00C04F79EFBC}") = "FinanceLatest.Android", "FinanceLatest.Android\FinanceLatest.Android.csproj", "{32A5CACE-E3BF-45F2-8787-F3DBA0230920}"
EndProject
Project("{FAE04EC0-301F-11D3-BF4B-00C04F79EFBC}") = "FinanceLatest.iOS", "FinanceLatest.iOS\FinanceLatest.iOS.csproj", "{66B271D1-191D-4F9C-8B63-1111714474FA}"
EndProject
Project("{FAE04EC0-301F-11D3-BF4B-00C04F79EFBC}") = "FinanceLatest", "FinanceLatest\FinanceLatest.csproj", "{84A90F55-36B9-4F1C-BAC2-2D1A61B0BD2F}"
EndProject
Global
	GlobalSection(SolutionConfigurationPlatforms) = preSolution
		Debug|Any CPU = Debug|Any CPU
		Release|Any CPU = Release|Any CPU
		Debug|iPhoneSimulator = Debug|iPhoneSimulator
		Release|iPhoneSimulator = Release|iPhoneSimulator
		Debug|iPhone = Debug|iPhone
		Release|iPhone = Release|iPhone
	EndGlobalSection
	GlobalSection(ProjectConfigurationPlatforms) = postSolution
		{32A5CACE-E3BF-45F2-8787-F3DBA0230920}.Debug|Any CPU.ActiveCfg = Debug|Any CPU
		{32A5CACE-E3BF-45F2-8787-F3DBA0230920}.Debug|Any CPU.Build.0 = Debug|Any CPU
		{32A5CACE-E3BF-45F2-8787-F3DBA0230920}.Release|Any CPU.ActiveCfg = Release|Any CPU
		{32A5CACE-E3BF-45F2-8787-F3DBA0230920}.Release|Any CPU.Build.0 = Release|Any CPU
		{32A5CACE-E3BF-45F2-8787-F3DBA0230920}.Debug|iPhoneSimulator.ActiveCfg = Debug|Any CPU
		{32A5CACE-E3BF-45F2-8787-F3DBA0230920}.Debug|iPhoneSimulator.Build.0 = Debug|Any CPU
		{32A5CACE-E3BF-45F2-8787-F3DBA0230920}.Release|iPhoneSimulator.ActiveCfg = Release|Any CPU
		{32A5CACE-E3BF-45F2-8787-F3DBA0230920}.Release|iPhoneSimulator.Build.0 = Release|Any CPU
		{32A5CACE-E3BF-45F2-8787-F3DBA0230920}.Debug|iPhone.ActiveCfg = Debug|Any CPU
		{32A5CACE-E3BF-45F2-8787-F3DBA0230920}.Debug|iPhone.Build.0 = Debug|Any CPU
		{32A5CACE-E3BF-45F2-8787-F3DBA0230920}.Release|iPhone.ActiveCfg = Release|Any CPU
		{32A5CACE-E3BF-45F2-8787-F3DBA0230920}.Release|iPhone.Build.0 = Release|Any CPU
		{66B271D1-191D-4F9C-8B63-1111714474FA}.Debug|Any CPU.ActiveCfg = Debug|iPhoneSimulator
		{66B271D1-191D-4F9C-8B63-1111714474FA}.Debug|Any CPU.Build.0 = Debug|iPhoneSimulator
		{66B271D1-191D-4F9C-8B63-1111714474FA}.Release|Any CPU.ActiveCfg = Release|iPhoneSimulator
		{66B271D1-191D-4F9C-8B63-1111714474FA}.Release|Any CPU.Build.0 = Release|iPhoneSimulator
		{66B271D1-191D-4F9C-8B63-1111714474FA}.Debug|iPhoneSimulator.ActiveCfg = Debug|iPhoneSimulator
		{66B271D1-191D-4F9C-8B63-1111714474FA}.Debug|iPhoneSimulator.Build.0 = Debug|iPhoneSimulator
		{66B271D1-191D-4F9C-8B63-1111714474FA}.Release|iPhoneSimulator.ActiveCfg = Release|iPhoneSimulator
		{66B271D1-191D-4F9C-8B63-1111714474FA}.Release|iPhoneSimulator.Build.0 = Release|iPhoneSimulator
		{66B271D1-191D-4F9C-8B63-1111714474FA}.Debug|iPhone.ActiveCfg = Debug|iPhone
		{66B271D1-191D-4F9C-8B63-1111714474FA}.Debug|iPhone.Build.0 = Debug|iPhone
		{66B271D1-191D-4F9C-8B63-1111714474FA}.Release|iPhone.ActiveCfg = Release|iPhone
		{66B271D1-191D-4F9C-8B63-1111714474FA}.Release|iPhone.Build.0 = Release|iPhone
		{84A90F55-36B9-4F1C-BAC2-2D1A61B0BD2F}.Debug|Any CPU.ActiveCfg = Debug|Any CPU
		{84A90F55-36B9-4F1C-BAC2-2D1A61B0BD2F}.Debug|Any CPU.Build.0 = Debug|Any CPU
		{84A90F55-36B9-4F1C-BAC2-2D1A61B0BD2F}.Release|Any CPU.ActiveCfg = Release|Any CPU
		{84A90F55-36B9-4F1C-BAC2-2D1A61B0BD2F}.Release|Any CPU.Build.0 = Release|Any CPU
		{84A90F55-36B9-4F1C-BAC2-2D1A61B0BD2F}.Debug|iPhoneSimulator.ActiveCfg = Debug|Any CPU
		{84A90F55-36B9-4F1C-BAC2-2D1A61B0BD2F}.Debug|iPhoneSimulator.Build.0 = Debug|Any CPU
		{84A90F55-36B9-4F1C-BAC2-2D1A61B0BD2F}.Release|iPhoneSimulator.ActiveCfg = Release|Any CPU
		{84A90F55-36B9-4F1C-BAC2-2D1A61B0BD2F}.Release|iPhoneSimulator.Build.0 = Release|Any CPU
		{84A90F55-36B9-4F1C-BAC2-2D1A61B0BD2F}.Debug|iPhone.ActiveCfg = Debug|Any CPU
		{84A90F55-36B9-4F1C-BAC2-2D1A61B0BD2F}.Debug|iPhone.Build.0 = Debug|Any CPU
		{84A90F55-36B9-4F1C-BAC2-2D1A61B0BD2F}.Release|iPhone.ActiveCfg = Release|Any CPU
		{84A90F55-36B9-4F1C-BAC2-2D1A61B0BD2F}.Release|iPhone.Build.0 = Release|Any CPU
	EndGlobalSection
EndGlobal
